
Microsoft Visual Studio Solution File, Format Version 11.00
# Visual Studio 2010
Project("{8BC9CEB8-8B4A-11D0-8D11-00A0C91BC942}") = "SSWRC_Windows_Client", "SSWRC_Windows_Client\SSWRC_Windows_Client.vcxproj", "{B0F04AEC-00EB-441D-B61B-931A7C0C0D18}"
EndProject
Global
	GlobalSection(SolutionConfigurationPlatforms) = preSolution
		Debug|Win32 = Debug|Win32
		Release|Win32 = Release|Win32
	EndGlobalSection
	GlobalSection(ProjectConfigurationPlatforms) = postSolution
		{B0F04AEC-00EB-441D-B61B-931A7C0C0D18}.Debug|Win32.ActiveCfg = Debug|Win32
		{B0F04AEC-00EB-441D-B61B-931A7C0C0D18}.Debug|Win32.Build.0 = Debug|Win32
		{B0F04AEC-00EB-441D-B61B-931A7C0C0D18}.Release|Win32.ActiveCfg = Release|Win32
		{B0F04AEC-00EB-441D-B61B-931A7C0C0D18}.Release|Win32.Build.0 = Release|Win32
	EndGlobalSection
	GlobalSection(SolutionProperties) = preSolution
		HideSolutionNode = FALSE
	EndGlobalSection
EndGlobal
